
Microsoft Visual Studio Solution File, Format Version 12.00
# Visual Studio Version 17
VisualStudioVersion = 17.10.35004.147
MinimumVisualStudioVersion = 10.0.40219.1
Project("{9A19103F-16F7-4668-BE54-9A1E7A4F7556}") = "LRUCache", "LRUCache\LRUCache.csproj", "{AD1F5AFA-4E4D-47A9-BBE2-6BA4CAF3C9BA}"
EndProject
Project("{9A19103F-16F7-4668-BE54-9A1E7A4F7556}") = "PerformanceBenchmark", "PerformanceBenchmark\PerformanceBenchmark.csproj", "{F77F91C0-0484-45AC-94E3-8C034CD3377D}"
EndProject
Project("{9A19103F-16F7-4668-BE54-9A1E7A4F7556}") = "UnitTestProject", "UnitTestProject\UnitTestProject.csproj", "{803B2BB9-7153-4FF3-8E52-7D5039E49D33}"
EndProject
Global
	GlobalSection(SolutionConfigurationPlatforms) = preSolution
		Debug|Any CPU = Debug|Any CPU
		Release|Any CPU = Release|Any CPU
	EndGlobalSection
	GlobalSection(ProjectConfigurationPlatforms) = postSolution
		{AD1F5AFA-4E4D-47A9-BBE2-6BA4CAF3C9BA}.Debug|Any CPU.ActiveCfg = Debug|Any CPU
		{AD1F5AFA-4E4D-47A9-BBE2-6BA4CAF3C9BA}.Debug|Any CPU.Build.0 = Debug|Any CPU
		{AD1F5AFA-4E4D-47A9-BBE2-6BA4CAF3C9BA}.Release|Any CPU.ActiveCfg = Release|Any CPU
		{AD1F5AFA-4E4D-47A9-BBE2-6BA4CAF3C9BA}.Release|Any CPU.Build.0 = Release|Any CPU
		{F77F91C0-0484-45AC-94E3-8C034CD3377D}.Debug|Any CPU.ActiveCfg = Debug|Any CPU
		{F77F91C0-0484-45AC-94E3-8C034CD3377D}.Debug|Any CPU.Build.0 = Debug|Any CPU
		{F77F91C0-0484-45AC-94E3-8C034CD3377D}.Release|Any CPU.ActiveCfg = Release|Any CPU
		{F77F91C0-0484-45AC-94E3-8C034CD3377D}.Release|Any CPU.Build.0 = Release|Any CPU
		{803B2BB9-7153-4FF3-8E52-7D5039E49D33}.Debug|Any CPU.ActiveCfg = Debug|Any CPU
		{803B2BB9-7153-4FF3-8E52-7D5039E49D33}.Debug|Any CPU.Build.0 = Debug|Any CPU
		{803B2BB9-7153-4FF3-8E52-7D5039E49D33}.Release|Any CPU.ActiveCfg = Release|Any CPU
		{803B2BB9-7153-4FF3-8E52-7D5039E49D33}.Release|Any CPU.Build.0 = Release|Any CPU
	EndGlobalSection
	GlobalSection(SolutionProperties) = preSolution
		HideSolutionNode = FALSE
	EndGlobalSection
	GlobalSection(ExtensibilityGlobals) = postSolution
		SolutionGuid = {8A4D3B1D-53CE-4C08-8A16-693EEFC100FC}
	EndGlobalSection
EndGlobal
